
Microsoft Visual Studio Solution File, Format Version 12.00
# Visual Studio Version 16
VisualStudioVersion = 16.0.29025.244
MinimumVisualStudioVersion = 10.0.40219.1
Project("{9A19103F-16F7-4668-BE54-9A1E7A4F7556}") = "Alien_Catch", "Alien_Catch.csproj", "{93509484-A96D-4CB5-A074-71E2AFF5C754}"
EndProject
Global
	GlobalSection(SolutionConfigurationPlatforms) = preSolution
		Debug|Any CPU = Debug|Any CPU
		Release|Any CPU = Release|Any CPU
	EndGlobalSection
	GlobalSection(ProjectConfigurationPlatforms) = postSolution
		{93509484-A96D-4CB5-A074-71E2AFF5C754}.Debug|Any CPU.ActiveCfg = Debug|Any CPU
		{93509484-A96D-4CB5-A074-71E2AFF5C754}.Debug|Any CPU.Build.0 = Debug|Any CPU
		{93509484-A96D-4CB5-A074-71E2AFF5C754}.Release|Any CPU.ActiveCfg = Release|Any CPU
		{93509484-A96D-4CB5-A074-71E2AFF5C754}.Release|Any CPU.Build.0 = Release|Any CPU
	EndGlobalSection
	GlobalSection(SolutionProperties) = preSolution
		HideSolutionNode = FALSE
	EndGlobalSection
	GlobalSection(ExtensibilityGlobals) = postSolution
		SolutionGuid = {C5204AC1-CBFA-4E23-ABDF-8D824DCBE990}
	EndGlobalSection
EndGlobal
